
Microsoft Visual Studio Solution File, Format Version 12.00
# Visual Studio Version 16
VisualStudioVersion = 16.0.31911.196
MinimumVisualStudioVersion = 10.0.40219.1
Project("{9A19103F-16F7-4668-BE54-9A1E7A4F7556}") = "uri_1000", "uri_1000\uri_1000.csproj", "{29A71E65-1E85-44D2-9C3A-67CBB296C80A}"
EndProject
Project("{9A19103F-16F7-4668-BE54-9A1E7A4F7556}") = "uri_1001", "uri_1001\uri_1001.csproj", "{3E3216A1-92C2-4929-BBC5-300DCDC76A2A}"
EndProject
Project("{9A19103F-16F7-4668-BE54-9A1E7A4F7556}") = "uri_1002", "uri_1002\uri_1002.csproj", "{A1A9BF41-7D74-4B7F-8315-40D50E085861}"
EndProject
Project("{9A19103F-16F7-4668-BE54-9A1E7A4F7556}") = "uri_1003", "uri_1003\uri_1003.csproj", "{4EFD172C-A34B-4A72-90E6-88C877F9624A}"
EndProject
Project("{9A19103F-16F7-4668-BE54-9A1E7A4F7556}") = "uri_1004", "uni_1004\uri_1004.csproj", "{D4F57FB1-0697-4A57-9A38-042EDFAB8B8C}"
EndProject
Project("{9A19103F-16F7-4668-BE54-9A1E7A4F7556}") = "uri_1005", "uni_1005\uri_1005.csproj", "{59EDDC51-EE12-4B66-B037-2BC12FACA768}"
EndProject
Project("{9A19103F-16F7-4668-BE54-9A1E7A4F7556}") = "uri_1006", "uni_1006\uri_1006.csproj", "{9CA1D1CC-DDC8-4506-AC8F-B076E550E024}"
EndProject
Project("{9A19103F-16F7-4668-BE54-9A1E7A4F7556}") = "uri_1007", "uni_1007\uri_1007.csproj", "{532E7735-DDD1-448D-A8BF-364807CF4B30}"
EndProject
Project("{9A19103F-16F7-4668-BE54-9A1E7A4F7556}") = "uri_1008", "uni_1008\uri_1008.csproj", "{920F4414-D2A4-4E45-AD17-7806DBB79141}"
EndProject
Project("{FAE04EC0-301F-11D3-BF4B-00C04F79EFBC}") = "uri_1009", "uni_1009\uri_1009.csproj", "{7436DAC2-D9F3-49AD-8C8C-BBF0ADB2E72E}"
EndProject
Project("{FAE04EC0-301F-11D3-BF4B-00C04F79EFBC}") = "uri_1010", "uri_1010\uri_1010.csproj", "{BB2FCA19-4243-4494-9EF5-7A66A5C3EF7B}"
EndProject
Project("{FAE04EC0-301F-11D3-BF4B-00C04F79EFBC}") = "uri_1011", "uri_1011\uri_1011.csproj", "{26F7590A-CC3E-455B-AF2C-0F8A0AD084D8}"
EndProject
Project("{FAE04EC0-301F-11D3-BF4B-00C04F79EFBC}") = "uri_1012", "uri_1012\uri_1012.csproj", "{4D50BD37-1EE7-47A5-942D-262EA3E6D709}"
EndProject
Project("{FAE04EC0-301F-11D3-BF4B-00C04F79EFBC}") = "uri_1013", "uri_1013\uri_1013.csproj", "{D68F4B80-AFB3-41D7-9168-14BAA358EA28}"
EndProject
Global
	GlobalSection(SolutionConfigurationPlatforms) = preSolution
		Debug|Any CPU = Debug|Any CPU
		Release|Any CPU = Release|Any CPU
	EndGlobalSection
	GlobalSection(ProjectConfigurationPlatforms) = postSolution
		{29A71E65-1E85-44D2-9C3A-67CBB296C80A}.Debug|Any CPU.ActiveCfg = Debug|Any CPU
		{29A71E65-1E85-44D2-9C3A-67CBB296C80A}.Debug|Any CPU.Build.0 = Debug|Any CPU
		{29A71E65-1E85-44D2-9C3A-67CBB296C80A}.Release|Any CPU.ActiveCfg = Release|Any CPU
		{29A71E65-1E85-44D2-9C3A-67CBB296C80A}.Release|Any CPU.Build.0 = Release|Any CPU
		{3E3216A1-92C2-4929-BBC5-300DCDC76A2A}.Debug|Any CPU.ActiveCfg = Debug|Any CPU
		{3E3216A1-92C2-4929-BBC5-300DCDC76A2A}.Debug|Any CPU.Build.0 = Debug|Any CPU
		{3E3216A1-92C2-4929-BBC5-300DCDC76A2A}.Release|Any CPU.ActiveCfg = Release|Any CPU
		{3E3216A1-92C2-4929-BBC5-300DCDC76A2A}.Release|Any CPU.Build.0 = Release|Any CPU
		{A1A9BF41-7D74-4B7F-8315-40D50E085861}.Debug|Any CPU.ActiveCfg = Debug|Any CPU
		{A1A9BF41-7D74-4B7F-8315-40D50E085861}.Debug|Any CPU.Build.0 = Debug|Any CPU
		{A1A9BF41-7D74-4B7F-8315-40D50E085861}.Release|Any CPU.ActiveCfg = Release|Any CPU
		{A1A9BF41-7D74-4B7F-8315-40D50E085861}.Release|Any CPU.Build.0 = Release|Any CPU
		{4EFD172C-A34B-4A72-90E6-88C877F9624A}.Debug|Any CPU.ActiveCfg = Debug|Any CPU
		{4EFD172C-A34B-4A72-90E6-88C877F9624A}.Debug|Any CPU.Build.0 = Debug|Any CPU
		{4EFD172C-A34B-4A72-90E6-88C877F9624A}.Release|Any CPU.ActiveCfg = Release|Any CPU
		{4EFD172C-A34B-4A72-90E6-88C877F9624A}.Release|Any CPU.Build.0 = Release|Any CPU
		{D4F57FB1-0697-4A57-9A38-042EDFAB8B8C}.Debug|Any CPU.ActiveCfg = Debug|Any CPU
		{D4F57FB1-0697-4A57-9A38-042EDFAB8B8C}.Debug|Any CPU.Build.0 = Debug|Any CPU
		{D4F57FB1-0697-4A57-9A38-042EDFAB8B8C}.Release|Any CPU.ActiveCfg = Release|Any CPU
		{D4F57FB1-0697-4A57-9A38-042EDFAB8B8C}.Release|Any CPU.Build.0 = Release|Any CPU
		{59EDDC51-EE12-4B66-B037-2BC12FACA768}.Debug|Any CPU.ActiveCfg = Debug|Any CPU
		{59EDDC51-EE12-4B66-B037-2BC12FACA768}.Debug|Any CPU.Build.0 = Debug|Any CPU
		{59EDDC51-EE12-4B66-B037-2BC12FACA768}.Release|Any CPU.ActiveCfg = Release|Any CPU
		{59EDDC51-EE12-4B66-B037-2BC12FACA768}.Release|Any CPU.Build.0 = Release|Any CPU
		{9CA1D1CC-DDC8-4506-AC8F-B076E550E024}.Debug|Any CPU.ActiveCfg = Debug|Any CPU
		{9CA1D1CC-DDC8-4506-AC8F-B076E550E024}.Debug|Any CPU.Build.0 = Debug|Any CPU
		{9CA1D1CC-DDC8-4506-AC8F-B076E550E024}.Release|Any CPU.ActiveCfg = Release|Any CPU
		{9CA1D1CC-DDC8-4506-AC8F-B076E550E024}.Release|Any CPU.Build.0 = Release|Any CPU
		{532E7735-DDD1-448D-A8BF-364807CF4B30}.Debug|Any CPU.ActiveCfg = Debug|Any CPU
		{532E7735-DDD1-448D-A8BF-364807CF4B30}.Debug|Any CPU.Build.0 = Debug|Any CPU
		{532E7735-DDD1-448D-A8BF-364807CF4B30}.Release|Any CPU.ActiveCfg = Release|Any CPU
		{532E7735-DDD1-448D-A8BF-364807CF4B30}.Release|Any CPU.Build.0 = Release|Any CPU
		{920F4414-D2A4-4E45-AD17-7806DBB79141}.Debug|Any CPU.ActiveCfg = Debug|Any CPU
		{920F4414-D2A4-4E45-AD17-7806DBB79141}.Debug|Any CPU.Build.0 = Debug|Any CPU
		{920F4414-D2A4-4E45-AD17-7806DBB79141}.Release|Any CPU.ActiveCfg = Release|Any CPU
		{920F4414-D2A4-4E45-AD17-7806DBB79141}.Release|Any CPU.Build.0 = Release|Any CPU
		{7436DAC2-D9F3-49AD-8C8C-BBF0ADB2E72E}.Debug|Any CPU.ActiveCfg = Debug|Any CPU
		{7436DAC2-D9F3-49AD-8C8C-BBF0ADB2E72E}.Debug|Any CPU.Build.0 = Debug|Any CPU
		{7436DAC2-D9F3-49AD-8C8C-BBF0ADB2E72E}.Release|Any CPU.ActiveCfg = Release|Any CPU
		{7436DAC2-D9F3-49AD-8C8C-BBF0ADB2E72E}.Release|Any CPU.Build.0 = Release|Any CPU
		{BB2FCA19-4243-4494-9EF5-7A66A5C3EF7B}.Debug|Any CPU.ActiveCfg = Debug|Any CPU
		{BB2FCA19-4243-4494-9EF5-7A66A5C3EF7B}.Debug|Any CPU.Build.0 = Debug|Any CPU
		{BB2FCA19-4243-4494-9EF5-7A66A5C3EF7B}.Release|Any CPU.ActiveCfg = Release|Any CPU
		{BB2FCA19-4243-4494-9EF5-7A66A5C3EF7B}.Release|Any CPU.Build.0 = Release|Any CPU
		{26F7590A-CC3E-455B-AF2C-0F8A0AD084D8}.Debug|Any CPU.ActiveCfg = Debug|Any CPU
		{26F7590A-CC3E-455B-AF2C-0F8A0AD084D8}.Debug|Any CPU.Build.0 = Debug|Any CPU
		{26F7590A-CC3E-455B-AF2C-0F8A0AD084D8}.Release|Any CPU.ActiveCfg = Release|Any CPU
		{26F7590A-CC3E-455B-AF2C-0F8A0AD084D8}.Release|Any CPU.Build.0 = Release|Any CPU
		{4D50BD37-1EE7-47A5-942D-262EA3E6D709}.Debug|Any CPU.ActiveCfg = Debug|Any CPU
		{4D50BD37-1EE7-47A5-942D-262EA3E6D709}.Debug|Any CPU.Build.0 = Debug|Any CPU
		{4D50BD37-1EE7-47A5-942D-262EA3E6D709}.Release|Any CPU.ActiveCfg = Release|Any CPU
		{4D50BD37-1EE7-47A5-942D-262EA3E6D709}.Release|Any CPU.Build.0 = Release|Any CPU
		{D68F4B80-AFB3-41D7-9168-14BAA358EA28}.Debug|Any CPU.ActiveCfg = Debug|Any CPU
		{D68F4B80-AFB3-41D7-9168-14BAA358EA28}.Debug|Any CPU.Build.0 = Debug|Any CPU
		{D68F4B80-AFB3-41D7-9168-14BAA358EA28}.Release|Any CPU.ActiveCfg = Release|Any CPU
		{D68F4B80-AFB3-41D7-9168-14BAA358EA28}.Release|Any CPU.Build.0 = Release|Any CPU
	EndGlobalSection
	GlobalSection(SolutionProperties) = preSolution
		HideSolutionNode = FALSE
	EndGlobalSection
	GlobalSection(ExtensibilityGlobals) = postSolution
		SolutionGuid = {292A0F5F-F3E6-4EE1-A058-64EC108CE411}
	EndGlobalSection
EndGlobal
